// !$*UTF8*$!
{
	archiveVersion = 1;
	classes = {
	};
	objectVersion = 46;
	objects = {

/* Begin PBXBuildFile section */
		F011343E1C88AF0900121878 /* TravelViewController.m in Sources */ = {isa = PBXBuildFile; fileRef = F011343D1C88AF0900121878 /* TravelViewController.m */; };
		F0185BF61C7914800075D75B /* User.m in Sources */ = {isa = PBXBuildFile; fileRef = F0185BF51C7914800075D75B /* User.m */; };
		F0185BF91C79148E0075D75B /* Trip.m in Sources */ = {isa = PBXBuildFile; fileRef = F0185BF81C79148E0075D75B /* Trip.m */; };
		F0185C071C7919460075D75B /* SystemConfiguration.framework in Frameworks */ = {isa = PBXBuildFile; fileRef = F0185C061C7919460075D75B /* SystemConfiguration.framework */; };
		F0185C091C79194E0075D75B /* libsqlite3.0.tbd in Frameworks */ = {isa = PBXBuildFile; fileRef = F0185C081C79194E0075D75B /* libsqlite3.0.tbd */; };
		F0185C0C1C7924710075D75B /* Venetian_FloorPlans_Level_3.png in Resources */ = {isa = PBXBuildFile; fileRef = F0185C0B1C7924710075D75B /* Venetian_FloorPlans_Level_3.png */; };
		F0185C0F1C7B674B0075D75B /* Destination.m in Sources */ = {isa = PBXBuildFile; fileRef = F0185C0E1C7B674B0075D75B /* Destination.m */; };
		F0185C121C7B677A0075D75B /* TransportationMode.m in Sources */ = {isa = PBXBuildFile; fileRef = F0185C111C7B677A0075D75B /* TransportationMode.m */; };
		F056FDBB1C7EAC7B0032D94E /* locations.plist in Resources */ = {isa = PBXBuildFile; fileRef = F056FDBA1C7EAC7B0032D94E /* locations.plist */; };
		F056FDBD1C7EAF200032D94E /* transportationModes.plist in Resources */ = {isa = PBXBuildFile; fileRef = F056FDBC1C7EAF200032D94E /* transportationModes.plist */; };
		F056FE271C8258D90032D94E /* mapHere.png in Resources */ = {isa = PBXBuildFile; fileRef = F056FE251C8258D90032D94E /* mapHere.png */; };
		F056FE281C8258D90032D94E /* mapPin.png in Resources */ = {isa = PBXBuildFile; fileRef = F056FE261C8258D90032D94E /* mapPin.png */; };
		F05E86CA1C8661E3003AF634 /* wheelbarrow.png in Resources */ = {isa = PBXBuildFile; fileRef = F05E86C91C8661E3003AF634 /* wheelbarrow.png */; };
		F05E86CC1C86657B003AF634 /* hoverboard.png in Resources */ = {isa = PBXBuildFile; fileRef = F05E86CB1C86657B003AF634 /* hoverboard.png */; };
		F05E86CE1C868DD1003AF634 /* piggyback.png in Resources */ = {isa = PBXBuildFile; fileRef = F05E86CD1C868DD1003AF634 /* piggyback.png */; };
		F0713F031C8DE0C800F447A7 /* ADBMobileConfig.json in Resources */ = {isa = PBXBuildFile; fileRef = F0713EFE1C8DE0C800F447A7 /* ADBMobileConfig.json */; };
		F0713F041C8DE0C800F447A7 /* AdobeMobileLibrary.a in Frameworks */ = {isa = PBXBuildFile; fileRef = F0713EFF1C8DE0C800F447A7 /* AdobeMobileLibrary.a */; };
		F08D1ABA1C77BB39002DA036 /* main.m in Sources */ = {isa = PBXBuildFile; fileRef = F08D1AB91C77BB39002DA036 /* main.m */; };
		F08D1ABD1C77BB39002DA036 /* AppDelegate.m in Sources */ = {isa = PBXBuildFile; fileRef = F08D1ABC1C77BB39002DA036 /* AppDelegate.m */; };
		F08D1AC31C77BB39002DA036 /* Main.storyboard in Resources */ = {isa = PBXBuildFile; fileRef = F08D1AC11C77BB39002DA036 /* Main.storyboard */; };
		F08D1AC51C77BB39002DA036 /* Assets.xcassets in Resources */ = {isa = PBXBuildFile; fileRef = F08D1AC41C77BB39002DA036 /* Assets.xcassets */; };
		F08D1AC81C77BB39002DA036 /* LaunchScreen.storyboard in Resources */ = {isa = PBXBuildFile; fileRef = F08D1AC61C77BB39002DA036 /* LaunchScreen.storyboard */; };
		F08D1AD11C77BC6B002DA036 /* ProfileViewController.m in Sources */ = {isa = PBXBuildFile; fileRef = F08D1AD01C77BC6B002DA036 /* ProfileViewController.m */; };
		F08D1AD51C77BCDE002DA036 /* MapViewController.m in Sources */ = {isa = PBXBuildFile; fileRef = F08D1AD41C77BCDE002DA036 /* MapViewController.m */; };
		F08D1AD91C77BCF8002DA036 /* TransportationModeViewController.m in Sources */ = {isa = PBXBuildFile; fileRef = F08D1AD81C77BCF8002DA036 /* TransportationModeViewController.m */; };
		F08D1ADC1C77BD17002DA036 /* TipDriverViewController.m in Sources */ = {isa = PBXBuildFile; fileRef = F08D1ADB1C77BD17002DA036 /* TipDriverViewController.m */; };
		F09B50E31C84EF3A0043984B /* TransportationModeView.m in Sources */ = {isa = PBXBuildFile; fileRef = F09B50E21C84EF3A0043984B /* TransportationModeView.m */; };
		F09B50E51C84EF580043984B /* TransportationModeView.xib in Resources */ = {isa = PBXBuildFile; fileRef = F09B50E41C84EF580043984B /* TransportationModeView.xib */; };
		F0AA2F441C87599C00543B4E /* CoreLocation.framework in Frameworks */ = {isa = PBXBuildFile; fileRef = F0AA2F431C87599C00543B4E /* CoreLocation.framework */; };
		F0AA2F461C8770E200543B4E /* loginBackground.png in Resources */ = {isa = PBXBuildFile; fileRef = F0AA2F451C8770E200543B4E /* loginBackground.png */; };
		F0AA2F481C878BE500543B4E /* check.png in Resources */ = {isa = PBXBuildFile; fileRef = F0AA2F471C878BE500543B4E /* check.png */; };
		F0AA2F4A1C8793A500543B4E /* segway.png in Resources */ = {isa = PBXBuildFile; fileRef = F0AA2F491C8793A500543B4E /* segway.png */; };
		F0BA08C81E68E36600F6E245 /* iAd.framework in Frameworks */ = {isa = PBXBuildFile; fileRef = F0BA08C71E68E36600F6E245 /* iAd.framework */; };
/* End PBXBuildFile section */

/* Begin PBXFileReference section */
		F011343C1C88AF0900121878 /* TravelViewController.h */ = {isa = PBXFileReference; fileEncoding = 4; lastKnownFileType = sourcecode.c.h; name = TravelViewController.h; path = ViewControllers/TravelViewController.h; sourceTree = "<group>"; };
		F011343D1C88AF0900121878 /* TravelViewController.m */ = {isa = PBXFileReference; fileEncoding = 4; lastKnownFileType = sourcecode.c.objc; name = TravelViewController.m; path = ViewControllers/TravelViewController.m; sourceTree = "<group>"; };
		F0185BF41C7914800075D75B /* User.h */ = {isa = PBXFileReference; fileEncoding = 4; lastKnownFileType = sourcecode.c.h; name = User.h; path = Models/User.h; sourceTree = "<group>"; };
		F0185BF51C7914800075D75B /* User.m */ = {isa = PBXFileReference; fileEncoding = 4; lastKnownFileType = sourcecode.c.objc; name = User.m; path = Models/User.m; sourceTree = "<group>"; };
		F0185BF71C79148E0075D75B /* Trip.h */ = {isa = PBXFileReference; fileEncoding = 4; lastKnownFileType = sourcecode.c.h; name = Trip.h; path = Models/Trip.h; sourceTree = "<group>"; };
		F0185BF81C79148E0075D75B /* Trip.m */ = {isa = PBXFileReference; fileEncoding = 4; lastKnownFileType = sourcecode.c.objc; name = Trip.m; path = Models/Trip.m; sourceTree = "<group>"; };
		F0185C061C7919460075D75B /* SystemConfiguration.framework */ = {isa = PBXFileReference; lastKnownFileType = wrapper.framework; name = SystemConfiguration.framework; path = System/Library/Frameworks/SystemConfiguration.framework; sourceTree = SDKROOT; };
		F0185C081C79194E0075D75B /* libsqlite3.0.tbd */ = {isa = PBXFileReference; lastKnownFileType = "sourcecode.text-based-dylib-definition"; name = libsqlite3.0.tbd; path = usr/lib/libsqlite3.0.tbd; sourceTree = SDKROOT; };
		F0185C0B1C7924710075D75B /* Venetian_FloorPlans_Level_3.png */ = {isa = PBXFileReference; lastKnownFileType = image.png; name = Venetian_FloorPlans_Level_3.png; path = Assets/Venetian_FloorPlans_Level_3.png; sourceTree = "<group>"; };
		F0185C0D1C7B674B0075D75B /* Destination.h */ = {isa = PBXFileReference; fileEncoding = 4; lastKnownFileType = sourcecode.c.h; name = Destination.h; path = Models/Destination.h; sourceTree = "<group>"; };
		F0185C0E1C7B674B0075D75B /* Destination.m */ = {isa = PBXFileReference; fileEncoding = 4; lastKnownFileType = sourcecode.c.objc; name = Destination.m; path = Models/Destination.m; sourceTree = "<group>"; };
		F0185C101C7B677A0075D75B /* TransportationMode.h */ = {isa = PBXFileReference; fileEncoding = 4; lastKnownFileType = sourcecode.c.h; name = TransportationMode.h; path = Models/TransportationMode.h; sourceTree = "<group>"; };
		F0185C111C7B677A0075D75B /* TransportationMode.m */ = {isa = PBXFileReference; fileEncoding = 4; lastKnownFileType = sourcecode.c.objc; name = TransportationMode.m; path = Models/TransportationMode.m; sourceTree = "<group>"; };
		F056FDBA1C7EAC7B0032D94E /* locations.plist */ = {isa = PBXFileReference; fileEncoding = 4; lastKnownFileType = text.plist.xml; name = locations.plist; path = Assets/locations.plist; sourceTree = "<group>"; };
		F056FDBC1C7EAF200032D94E /* transportationModes.plist */ = {isa = PBXFileReference; fileEncoding = 4; lastKnownFileType = text.plist.xml; name = transportationModes.plist; path = Assets/transportationModes.plist; sourceTree = "<group>"; };
		F056FE251C8258D90032D94E /* mapHere.png */ = {isa = PBXFileReference; lastKnownFileType = image.png; name = mapHere.png; path = Assets/mapHere.png; sourceTree = "<group>"; };
		F056FE261C8258D90032D94E /* mapPin.png */ = {isa = PBXFileReference; lastKnownFileType = image.png; name = mapPin.png; path = Assets/mapPin.png; sourceTree = "<group>"; };
		F05E86C91C8661E3003AF634 /* wheelbarrow.png */ = {isa = PBXFileReference; lastKnownFileType = image.png; name = wheelbarrow.png; path = Assets/wheelbarrow.png; sourceTree = "<group>"; };
		F05E86CB1C86657B003AF634 /* hoverboard.png */ = {isa = PBXFileReference; lastKnownFileType = image.png; name = hoverboard.png; path = Assets/hoverboard.png; sourceTree = "<group>"; };
		F05E86CD1C868DD1003AF634 /* piggyback.png */ = {isa = PBXFileReference; lastKnownFileType = image.png; name = piggyback.png; path = Assets/piggyback.png; sourceTree = "<group>"; };
		F0713EFD1C8DE0C800F447A7 /* ADBMobile.h */ = {isa = PBXFileReference; fileEncoding = 4; lastKnownFileType = sourcecode.c.h; path = ADBMobile.h; sourceTree = "<group>"; };
		F0713EFE1C8DE0C800F447A7 /* ADBMobileConfig.json */ = {isa = PBXFileReference; fileEncoding = 4; lastKnownFileType = text.json; path = ADBMobileConfig.json; sourceTree = "<group>"; };
		F0713EFF1C8DE0C800F447A7 /* AdobeMobileLibrary.a */ = {isa = PBXFileReference; lastKnownFileType = archive.ar; path = AdobeMobileLibrary.a; sourceTree = "<group>"; };
		F08D1AB51C77BB39002DA036 /* SummitMobileLab.app */ = {isa = PBXFileReference; explicitFileType = wrapper.application; includeInIndex = 0; path = SummitMobileLab.app; sourceTree = BUILT_PRODUCTS_DIR; };
		F08D1AB91C77BB39002DA036 /* main.m */ = {isa = PBXFileReference; lastKnownFileType = sourcecode.c.objc; path = main.m; sourceTree = "<group>"; };
		F08D1ABB1C77BB39002DA036 /* AppDelegate.h */ = {isa = PBXFileReference; lastKnownFileType = sourcecode.c.h; path = AppDelegate.h; sourceTree = "<group>"; };
		F08D1ABC1C77BB39002DA036 /* AppDelegate.m */ = {isa = PBXFileReference; lastKnownFileType = sourcecode.c.objc; path = AppDelegate.m; sourceTree = "<group>"; };
		F08D1AC21C77BB39002DA036 /* Base */ = {isa = PBXFileReference; lastKnownFileType = file.storyboard; name = Base; path = Base.lproj/Main.storyboard; sourceTree = "<group>"; };
		F08D1AC41C77BB39002DA036 /* Assets.xcassets */ = {isa = PBXFileReference; lastKnownFileType = folder.assetcatalog; path = Assets.xcassets; sourceTree = "<group>"; };
		F08D1AC71C77BB39002DA036 /* Base */ = {isa = PBXFileReference; lastKnownFileType = file.storyboard; name = Base; path = Base.lproj/LaunchScreen.storyboard; sourceTree = "<group>"; };
		F08D1AC91C77BB39002DA036 /* Info.plist */ = {isa = PBXFileReference; lastKnownFileType = text.plist.xml; path = Info.plist; sourceTree = "<group>"; };
		F08D1ACF1C77BC6B002DA036 /* ProfileViewController.h */ = {isa = PBXFileReference; fileEncoding = 4; lastKnownFileType = sourcecode.c.h; name = ProfileViewController.h; path = ViewControllers/ProfileViewController.h; sourceTree = "<group>"; };
		F08D1AD01C77BC6B002DA036 /* ProfileViewController.m */ = {isa = PBXFileReference; fileEncoding = 4; lastKnownFileType = sourcecode.c.objc; name = ProfileViewController.m; path = ViewControllers/ProfileViewController.m; sourceTree = "<group>"; };
		F08D1AD31C77BCDE002DA036 /* MapViewController.h */ = {isa = PBXFileReference; fileEncoding = 4; lastKnownFileType = sourcecode.c.h; name = MapViewController.h; path = ViewControllers/MapViewController.h; sourceTree = "<group>"; };
		F08D1AD41C77BCDE002DA036 /* MapViewController.m */ = {isa = PBXFileReference; fileEncoding = 4; lastKnownFileType = sourcecode.c.objc; name = MapViewController.m; path = ViewControllers/MapViewController.m; sourceTree = "<group>"; };
		F08D1AD71C77BCF8002DA036 /* TransportationModeViewController.h */ = {isa = PBXFileReference; fileEncoding = 4; lastKnownFileType = sourcecode.c.h; name = TransportationModeViewController.h; path = ViewControllers/TransportationModeViewController.h; sourceTree = "<group>"; };
		F08D1AD81C77BCF8002DA036 /* TransportationModeViewController.m */ = {isa = PBXFileReference; fileEncoding = 4; lastKnownFileType = sourcecode.c.objc; name = TransportationModeViewController.m; path = ViewControllers/TransportationModeViewController.m; sourceTree = "<group>"; };
		F08D1ADA1C77BD17002DA036 /* TipDriverViewController.h */ = {isa = PBXFileReference; fileEncoding = 4; lastKnownFileType = sourcecode.c.h; name = TipDriverViewController.h; path = ViewControllers/TipDriverViewController.h; sourceTree = "<group>"; };
		F08D1ADB1C77BD17002DA036 /* TipDriverViewController.m */ = {isa = PBXFileReference; fileEncoding = 4; lastKnownFileType = sourcecode.c.objc; name = TipDriverViewController.m; path = ViewControllers/TipDriverViewController.m; sourceTree = "<group>"; };
		F09B50E11C84EF3A0043984B /* TransportationModeView.h */ = {isa = PBXFileReference; fileEncoding = 4; lastKnownFileType = sourcecode.c.h; name = TransportationModeView.h; path = UI/TransportationModeView.h; sourceTree = "<group>"; };
		F09B50E21C84EF3A0043984B /* TransportationModeView.m */ = {isa = PBXFileReference; fileEncoding = 4; lastKnownFileType = sourcecode.c.objc; name = TransportationModeView.m; path = UI/TransportationModeView.m; sourceTree = "<group>"; };
		F09B50E41C84EF580043984B /* TransportationModeView.xib */ = {isa = PBXFileReference; fileEncoding = 4; lastKnownFileType = file.xib; name = TransportationModeView.xib; path = UI/TransportationModeView.xib; sourceTree = "<group>"; };
		F0AA2F431C87599C00543B4E /* CoreLocation.framework */ = {isa = PBXFileReference; lastKnownFileType = wrapper.framework; name = CoreLocation.framework; path = System/Library/Frameworks/CoreLocation.framework; sourceTree = SDKROOT; };
		F0AA2F451C8770E200543B4E /* loginBackground.png */ = {isa = PBXFileReference; lastKnownFileType = image.png; name = loginBackground.png; path = Assets/loginBackground.png; sourceTree = "<group>"; };
		F0AA2F471C878BE500543B4E /* check.png */ = {isa = PBXFileReference; lastKnownFileType = image.png; name = check.png; path = Assets/check.png; sourceTree = "<group>"; };
		F0AA2F491C8793A500543B4E /* segway.png */ = {isa = PBXFileReference; lastKnownFileType = image.png; name = segway.png; path = Assets/segway.png; sourceTree = "<group>"; };
		F0BA08C71E68E36600F6E245 /* iAd.framework */ = {isa = PBXFileReference; lastKnownFileType = wrapper.framework; name = iAd.framework; path = System/Library/Frameworks/iAd.framework; sourceTree = SDKROOT; };
/* End PBXFileReference section */

/* Begin PBXFrameworksBuildPhase section */
		F08D1AB21C77BB39002DA036 /* Frameworks */ = {
			isa = PBXFrameworksBuildPhase;
			buildActionMask = 2147483647;
			files = (
				F0BA08C81E68E36600F6E245 /* iAd.framework in Frameworks */,
				F0AA2F441C87599C00543B4E /* CoreLocation.framework in Frameworks */,
				F0185C091C79194E0075D75B /* libsqlite3.0.tbd in Frameworks */,
				F0185C071C7919460075D75B /* SystemConfiguration.framework in Frameworks */,
				F0713F041C8DE0C800F447A7 /* AdobeMobileLibrary.a in Frameworks */,
			);
			runOnlyForDeploymentPostprocessing = 0;
		};
/* End PBXFrameworksBuildPhase section */

/* Begin PBXGroup section */
		F0185BF21C79140B0075D75B /* Models */ = {
			isa = PBXGroup;
			children = (
				F0185C0D1C7B674B0075D75B /* Destination.h */,
				F0185C0E1C7B674B0075D75B /* Destination.m */,
				F0185C101C7B677A0075D75B /* TransportationMode.h */,
				F0185C111C7B677A0075D75B /* TransportationMode.m */,
				F0185BF71C79148E0075D75B /* Trip.h */,
				F0185BF81C79148E0075D75B /* Trip.m */,
				F0185BF41C7914800075D75B /* User.h */,
				F0185BF51C7914800075D75B /* User.m */,
			);
			name = Models;
			sourceTree = "<group>";
		};
		F0185C0A1C791B4B0075D75B /* Frameworks */ = {
			isa = PBXGroup;
			children = (
				F0BA08C71E68E36600F6E245 /* iAd.framework */,
				F0185C061C7919460075D75B /* SystemConfiguration.framework */,
				F0AA2F431C87599C00543B4E /* CoreLocation.framework */,
				F0185C081C79194E0075D75B /* libsqlite3.0.tbd */,
			);
			name = Frameworks;
			sourceTree = "<group>";
		};
		F0713EFC1C8DE0C800F447A7 /* AdobeMobileLibrary */ = {
			isa = PBXGroup;
			children = (
				F0713EFD1C8DE0C800F447A7 /* ADBMobile.h */,
				F0713EFE1C8DE0C800F447A7 /* ADBMobileConfig.json */,
				F0713EFF1C8DE0C800F447A7 /* AdobeMobileLibrary.a */,
			);
			path = AdobeMobileLibrary;
			sourceTree = "<group>";
		};
		F08D1AAC1C77BB39002DA036 = {
			isa = PBXGroup;
			children = (
				F08D1AB71C77BB39002DA036 /* SummitMobileLab */,
				F0185C0A1C791B4B0075D75B /* Frameworks */,
				F08D1AB61C77BB39002DA036 /* Products */,
			);
			sourceTree = "<group>";
		};
		F08D1AB61C77BB39002DA036 /* Products */ = {
			isa = PBXGroup;
			children = (
				F08D1AB51C77BB39002DA036 /* SummitMobileLab.app */,
			);
			name = Products;
			sourceTree = "<group>";
		};
		F08D1AB71C77BB39002DA036 /* SummitMobileLab */ = {
			isa = PBXGroup;
			children = (
				F0713EFC1C8DE0C800F447A7 /* AdobeMobileLibrary */,
				F08D1AE01C77BE3A002DA036 /* Assets */,
				F0185BF21C79140B0075D75B /* Models */,
				F09B50DE1C84EDAD0043984B /* UI */,
				F08D1AD21C77BC71002DA036 /* ViewControllers */,
				F08D1ABB1C77BB39002DA036 /* AppDelegate.h */,
				F08D1ABC1C77BB39002DA036 /* AppDelegate.m */,
				F08D1AB81C77BB39002DA036 /* Supporting Files */,
			);
			path = SummitMobileLab;
			sourceTree = "<group>";
		};
		F08D1AB81C77BB39002DA036 /* Supporting Files */ = {
			isa = PBXGroup;
			children = (
				F08D1AC41C77BB39002DA036 /* Assets.xcassets */,
				F08D1AC91C77BB39002DA036 /* Info.plist */,
				F08D1AB91C77BB39002DA036 /* main.m */,
			);
			name = "Supporting Files";
			sourceTree = "<group>";
		};
		F08D1AD21C77BC71002DA036 /* ViewControllers */ = {
			isa = PBXGroup;
			children = (
				F08D1AD31C77BCDE002DA036 /* MapViewController.h */,
				F08D1AD41C77BCDE002DA036 /* MapViewController.m */,
				F08D1ACF1C77BC6B002DA036 /* ProfileViewController.h */,
				F08D1AD01C77BC6B002DA036 /* ProfileViewController.m */,
				F08D1ADA1C77BD17002DA036 /* TipDriverViewController.h */,
				F08D1ADB1C77BD17002DA036 /* TipDriverViewController.m */,
				F08D1AD71C77BCF8002DA036 /* TransportationModeViewController.h */,
				F08D1AD81C77BCF8002DA036 /* TransportationModeViewController.m */,
				F011343C1C88AF0900121878 /* TravelViewController.h */,
				F011343D1C88AF0900121878 /* TravelViewController.m */,
			);
			name = ViewControllers;
			sourceTree = "<group>";
		};
		F08D1AE01C77BE3A002DA036 /* Assets */ = {
			isa = PBXGroup;
			children = (
				F0AA2F491C8793A500543B4E /* segway.png */,
				F0AA2F471C878BE500543B4E /* check.png */,
				F0AA2F451C8770E200543B4E /* loginBackground.png */,
				F05E86CD1C868DD1003AF634 /* piggyback.png */,
				F05E86CB1C86657B003AF634 /* hoverboard.png */,
				F05E86C91C8661E3003AF634 /* wheelbarrow.png */,
				F056FE251C8258D90032D94E /* mapHere.png */,
				F056FE261C8258D90032D94E /* mapPin.png */,
				F0185C0B1C7924710075D75B /* Venetian_FloorPlans_Level_3.png */,
				F056FDBA1C7EAC7B0032D94E /* locations.plist */,
				F056FDBC1C7EAF200032D94E /* transportationModes.plist */,
			);
			name = Assets;
			sourceTree = "<group>";
		};
		F09B50DE1C84EDAD0043984B /* UI */ = {
			isa = PBXGroup;
			children = (
				F08D1AC61C77BB39002DA036 /* LaunchScreen.storyboard */,
				F08D1AC11C77BB39002DA036 /* Main.storyboard */,
				F09B50E11C84EF3A0043984B /* TransportationModeView.h */,
				F09B50E21C84EF3A0043984B /* TransportationModeView.m */,
				F09B50E41C84EF580043984B /* TransportationModeView.xib */,
			);
			name = UI;
			sourceTree = "<group>";
		};
/* End PBXGroup section */

/* Begin PBXNativeTarget section */
		F08D1AB41C77BB39002DA036 /* SummitMobileLab */ = {
			isa = PBXNativeTarget;
			buildConfigurationList = F08D1ACC1C77BB39002DA036 /* Build configuration list for PBXNativeTarget "SummitMobileLab" */;
			buildPhases = (
				F08D1AB11C77BB39002DA036 /* Sources */,
				F08D1AB21C77BB39002DA036 /* Frameworks */,
				F08D1AB31C77BB39002DA036 /* Resources */,
			);
			buildRules = (
			);
			dependencies = (
			);
			name = SummitMobileLab;
			productName = SummitMobileLab2016;
			productReference = F08D1AB51C77BB39002DA036 /* SummitMobileLab.app */;
			productType = "com.apple.product-type.application";
		};
/* End PBXNativeTarget section */

/* Begin PBXProject section */
		F08D1AAD1C77BB39002DA036 /* Project object */ = {
			isa = PBXProject;
			attributes = {
				LastUpgradeCheck = 0820;
				ORGANIZATIONNAME = "Steve Benedick";
				TargetAttributes = {
					F08D1AB41C77BB39002DA036 = {
						CreatedOnToolsVersion = 7.2.1;
						SystemCapabilities = {
							com.apple.BackgroundModes = {
								enabled = 1;
							};
						};
					};
				};
			};
			buildConfigurationList = F08D1AB01C77BB39002DA036 /* Build configuration list for PBXProject "SummitMobileLab" */;
			compatibilityVersion = "Xcode 3.2";
			developmentRegion = English;
			hasScannedForEncodings = 0;
			knownRegions = (
				en,
				Base,
			);
			mainGroup = F08D1AAC1C77BB39002DA036;
			productRefGroup = F08D1AB61C77BB39002DA036 /* Products */;
			projectDirPath = "";
			projectRoot = "";
			targets = (
				F08D1AB41C77BB39002DA036 /* SummitMobileLab */,
			);
		};
/* End PBXProject section */

/* Begin PBXResourcesBuildPhase section */
		F08D1AB31C77BB39002DA036 /* Resources */ = {
			isa = PBXResourcesBuildPhase;
			buildActionMask = 2147483647;
			files = (
				F056FE271C8258D90032D94E /* mapHere.png in Resources */,
				F0713F031C8DE0C800F447A7 /* ADBMobileConfig.json in Resources */,
				F0AA2F461C8770E200543B4E /* loginBackground.png in Resources */,
				F0185C0C1C7924710075D75B /* Venetian_FloorPlans_Level_3.png in Resources */,
				F05E86CA1C8661E3003AF634 /* wheelbarrow.png in Resources */,
				F056FDBD1C7EAF200032D94E /* transportationModes.plist in Resources */,
				F0AA2F481C878BE500543B4E /* check.png in Resources */,
				F08D1AC81C77BB39002DA036 /* LaunchScreen.storyboard in Resources */,
				F056FDBB1C7EAC7B0032D94E /* locations.plist in Resources */,
				F08D1AC51C77BB39002DA036 /* Assets.xcassets in Resources */,
				F05E86CE1C868DD1003AF634 /* piggyback.png in Resources */,
				F056FE281C8258D90032D94E /* mapPin.png in Resources */,
				F05E86CC1C86657B003AF634 /* hoverboard.png in Resources */,
				F0AA2F4A1C8793A500543B4E /* segway.png in Resources */,
				F08D1AC31C77BB39002DA036 /* Main.storyboard in Resources */,
				F09B50E51C84EF580043984B /* TransportationModeView.xib in Resources */,
			);
			runOnlyForDeploymentPostprocessing = 0;
		};
/* End PBXResourcesBuildPhase section */

/* Begin PBXSourcesBuildPhase section */
		F08D1AB11C77BB39002DA036 /* Sources */ = {
			isa = PBXSourcesBuildPhase;
			buildActionMask = 2147483647;
			files = (
				F0185C0F1C7B674B0075D75B /* Destination.m in Sources */,
				F0185BF61C7914800075D75B /* User.m in Sources */,
				F011343E1C88AF0900121878 /* TravelViewController.m in Sources */,
				F08D1ABD1C77BB39002DA036 /* AppDelegate.m in Sources */,
				F08D1AD51C77BCDE002DA036 /* MapViewController.m in Sources */,
				F08D1AD91C77BCF8002DA036 /* TransportationModeViewController.m in Sources */,
				F08D1AD11C77BC6B002DA036 /* ProfileViewController.m in Sources */,
				F0185C121C7B677A0075D75B /* TransportationMode.m in Sources */,
				F08D1ADC1C77BD17002DA036 /* TipDriverViewController.m in Sources */,
				F08D1ABA1C77BB39002DA036 /* main.m in Sources */,
				F0185BF91C79148E0075D75B /* Trip.m in Sources */,
				F09B50E31C84EF3A0043984B /* TransportationModeView.m in Sources */,
			);
			runOnlyForDeploymentPostprocessing = 0;
		};
/* End PBXSourcesBuildPhase section */

/* Begin PBXVariantGroup section */
		F08D1AC11C77BB39002DA036 /* Main.storyboard */ = {
			isa = PBXVariantGroup;
			children = (
				F08D1AC21C77BB39002DA036 /* Base */,
			);
			name = Main.storyboard;
			sourceTree = "<group>";
		};
		F08D1AC61C77BB39002DA036 /* LaunchScreen.storyboard */ = {
			isa = PBXVariantGroup;
			children = (
				F08D1AC71C77BB39002DA036 /* Base */,
			);
			name = LaunchScreen.storyboard;
			sourceTree = "<group>";
		};
/* End PBXVariantGroup section */

/* Begin XCBuildConfiguration section */
		F08D1ACA1C77BB39002DA036 /* Debug */ = {
			isa = XCBuildConfiguration;
			buildSettings = {
				ALWAYS_SEARCH_USER_PATHS = NO;
				CLANG_CXX_LANGUAGE_STANDARD = "gnu++0x";
				CLANG_CXX_LIBRARY = "libc++";
				CLANG_ENABLE_MODULES = YES;
				CLANG_ENABLE_OBJC_ARC = YES;
				CLANG_WARN_BOOL_CONVERSION = YES;
				CLANG_WARN_CONSTANT_CONVERSION = YES;
				CLANG_WARN_DIRECT_OBJC_ISA_USAGE = YES_ERROR;
				CLANG_WARN_EMPTY_BODY = YES;
				CLANG_WARN_ENUM_CONVERSION = YES;
				CLANG_WARN_INFINITE_RECURSION = YES;
				CLANG_WARN_INT_CONVERSION = YES;
				CLANG_WARN_OBJC_ROOT_CLASS = YES_ERROR;
				CLANG_WARN_SUSPICIOUS_MOVE = YES;
				CLANG_WARN_UNREACHABLE_CODE = YES;
				CLANG_WARN__DUPLICATE_METHOD_MATCH = YES;
				"CODE_SIGN_IDENTITY[sdk=iphoneos*]" = "iPhone Developer";
				COPY_PHASE_STRIP = NO;
				DEBUG_INFORMATION_FORMAT = dwarf;
				ENABLE_STRICT_OBJC_MSGSEND = YES;
				ENABLE_TESTABILITY = YES;
				GCC_C_LANGUAGE_STANDARD = gnu99;
				GCC_DYNAMIC_NO_PIC = NO;
				GCC_NO_COMMON_BLOCKS = YES;
				GCC_OPTIMIZATION_LEVEL = 0;
				GCC_PREPROCESSOR_DEFINITIONS = (
					"DEBUG=1",
					"$(inherited)",
				);
				GCC_WARN_64_TO_32_BIT_CONVERSION = YES;
				GCC_WARN_ABOUT_RETURN_TYPE = YES_ERROR;
				GCC_WARN_UNDECLARED_SELECTOR = YES;
				GCC_WARN_UNINITIALIZED_AUTOS = YES_AGGRESSIVE;
				GCC_WARN_UNUSED_FUNCTION = YES;
				GCC_WARN_UNUSED_VARIABLE = YES;
				IPHONEOS_DEPLOYMENT_TARGET = 10.2;
				MTL_ENABLE_DEBUG_INFO = YES;
				ONLY_ACTIVE_ARCH = YES;
				SDKROOT = iphoneos;
			};
			name = Debug;
		};
		F08D1ACB1C77BB39002DA036 /* Release */ = {
			isa = XCBuildConfiguration;
			buildSettings = {
				ALWAYS_SEARCH_USER_PATHS = NO;
				CLANG_CXX_LANGUAGE_STANDARD = "gnu++0x";
				CLANG_CXX_LIBRARY = "libc++";
				CLANG_ENABLE_MODULES = YES;
				CLANG_ENABLE_OBJC_ARC = YES;
				CLANG_WARN_BOOL_CONVERSION = YES;
				CLANG_WARN_CONSTANT_CONVERSION = YES;
				CLANG_WARN_DIRECT_OBJC_ISA_USAGE = YES_ERROR;
				CLANG_WARN_EMPTY_BODY = YES;
				CLANG_WARN_ENUM_CONVERSION = YES;
				CLANG_WARN_INFINITE_RECURSION = YES;
				CLANG_WARN_INT_CONVERSION = YES;
				CLANG_WARN_OBJC_ROOT_CLASS = YES_ERROR;
				CLANG_WARN_SUSPICIOUS_MOVE = YES;
				CLANG_WARN_UNREACHABLE_CODE = YES;
				CLANG_WARN__DUPLICATE_METHOD_MATCH = YES;
				"CODE_SIGN_IDENTITY[sdk=iphoneos*]" = "iPhone Developer";
				COPY_PHASE_STRIP = NO;
				DEBUG_INFORMATION_FORMAT = "dwarf-with-dsym";
				ENABLE_NS_ASSERTIONS = NO;
				ENABLE_STRICT_OBJC_MSGSEND = YES;
				GCC_C_LANGUAGE_STANDARD = gnu99;
				GCC_NO_COMMON_BLOCKS = YES;
				GCC_WARN_64_TO_32_BIT_CONVERSION = YES;
				GCC_WARN_ABOUT_RETURN_TYPE = YES_ERROR;
				GCC_WARN_UNDECLARED_SELECTOR = YES;
				GCC_WARN_UNINITIALIZED_AUTOS = YES_AGGRESSIVE;
				GCC_WARN_UNUSED_FUNCTION = YES;
				GCC_WARN_UNUSED_VARIABLE = YES;
				IPHONEOS_DEPLOYMENT_TARGET = 10.2;
				MTL_ENABLE_DEBUG_INFO = NO;
				SDKROOT = iphoneos;
				VALIDATE_PRODUCT = YES;
			};
			name = Release;
		};
		F08D1ACD1C77BB39002DA036 /* Debug */ = {
			isa = XCBuildConfiguration;
			buildSettings = {
				ASSETCATALOG_COMPILER_APPICON_NAME = AppIcon;
				INFOPLIST_FILE = SummitMobileLab/Info.plist;
				IPHONEOS_DEPLOYMENT_TARGET = 10.2;
				LD_RUNPATH_SEARCH_PATHS = "$(inherited) @executable_path/Frameworks";
				LIBRARY_SEARCH_PATHS = (
					"$(inherited)",
					"$(PROJECT_DIR)/SummitMobileLab/AdobeMobileLibrary",
				);
				PRODUCT_BUNDLE_IDENTIFIER = adobe.SummitMobileLab;
				PRODUCT_NAME = "$(TARGET_NAME)";
			};
			name = Debug;
		};
		F08D1ACE1C77BB39002DA036 /* Release */ = {
			isa = XCBuildConfiguration;
			buildSettings = {
				ASSETCATALOG_COMPILER_APPICON_NAME = AppIcon;
				INFOPLIST_FILE = SummitMobileLab/Info.plist;
				IPHONEOS_DEPLOYMENT_TARGET = 10.2;
				LD_RUNPATH_SEARCH_PATHS = "$(inherited) @executable_path/Frameworks";
				LIBRARY_SEARCH_PATHS = (
					"$(inherited)",
					"$(PROJECT_DIR)/SummitMobileLab/AdobeMobileLibrary",
				);
				PRODUCT_BUNDLE_IDENTIFIER = adobe.SummitMobileLab;
				PRODUCT_NAME = "$(TARGET_NAME)";
			};
			name = Release;
		};
/* End XCBuildConfiguration section */

/* Begin XCConfigurationList section */
		F08D1AB01C77BB39002DA036 /* Build configuration list for PBXProject "SummitMobileLab" */ = {
			isa = XCConfigurationList;
			buildConfigurations = (
				F08D1ACA1C77BB39002DA036 /* Debug */,
				F08D1ACB1C77BB39002DA036 /* Release */,
			);
			defaultConfigurationIsVisible = 0;
			defaultConfigurationName = Release;
		};
		F08D1ACC1C77BB39002DA036 /* Build configuration list for PBXNativeTarget "SummitMobileLab" */ = {
			isa = XCConfigurationList;
			buildConfigurations = (
				F08D1ACD1C77BB39002DA036 /* Debug */,
				F08D1ACE1C77BB39002DA036 /* Release */,
			);
			defaultConfigurationIsVisible = 0;
			defaultConfigurationName = Release;
		};
/* End XCConfigurationList section */
	};
	rootObject = F08D1AAD1C77BB39002DA036 /* Project object */;
}
